
Microsoft Visual Studio Solution File, Format Version 12.00
# Visual Studio Version 16
VisualStudioVersion = 16.0.31105.61
MinimumVisualStudioVersion = 10.0.40219.1
Project("{FAE04EC0-301F-11D3-BF4B-00C04F79EFBC}") = "WarehouseGameplay.Android", "WarehouseGameplay.Android\WarehouseGameplay.Android.csproj", "{DDD00101-CA89-4D0A-9036-4CAAC823936C}"
EndProject
Project("{FAE04EC0-301F-11D3-BF4B-00C04F79EFBC}") = "WarehouseGameplay.iOS", "WarehouseGameplay.iOS\WarehouseGameplay.iOS.csproj", "{B87EC3B7-D30F-404C-A2E7-4AD16897B9C8}"
EndProject
Project("{9A19103F-16F7-4668-BE54-9A1E7A4F7556}") = "WarehouseGameplay", "WarehouseGameplay\WarehouseGameplay.csproj", "{B2745E8A-6DA5-48F4-8CB2-686B401DF8E4}"
EndProject
Global
	GlobalSection(SolutionConfigurationPlatforms) = preSolution
		Debug|Any CPU = Debug|Any CPU
		Debug|iPhone = Debug|iPhone
		Debug|iPhoneSimulator = Debug|iPhoneSimulator
		Release|Any CPU = Release|Any CPU
		Release|iPhone = Release|iPhone
		Release|iPhoneSimulator = Release|iPhoneSimulator
	EndGlobalSection
	GlobalSection(ProjectConfigurationPlatforms) = postSolution
		{DDD00101-CA89-4D0A-9036-4CAAC823936C}.Debug|Any CPU.ActiveCfg = Debug|Any CPU
		{DDD00101-CA89-4D0A-9036-4CAAC823936C}.Debug|Any CPU.Build.0 = Debug|Any CPU
		{DDD00101-CA89-4D0A-9036-4CAAC823936C}.Debug|Any CPU.Deploy.0 = Debug|Any CPU
		{DDD00101-CA89-4D0A-9036-4CAAC823936C}.Debug|iPhone.ActiveCfg = Debug|Any CPU
		{DDD00101-CA89-4D0A-9036-4CAAC823936C}.Debug|iPhone.Build.0 = Debug|Any CPU
		{DDD00101-CA89-4D0A-9036-4CAAC823936C}.Debug|iPhone.Deploy.0 = Debug|Any CPU
		{DDD00101-CA89-4D0A-9036-4CAAC823936C}.Debug|iPhoneSimulator.ActiveCfg = Debug|Any CPU
		{DDD00101-CA89-4D0A-9036-4CAAC823936C}.Debug|iPhoneSimulator.Build.0 = Debug|Any CPU
		{DDD00101-CA89-4D0A-9036-4CAAC823936C}.Debug|iPhoneSimulator.Deploy.0 = Debug|Any CPU
		{DDD00101-CA89-4D0A-9036-4CAAC823936C}.Release|Any CPU.ActiveCfg = Release|Any CPU
		{DDD00101-CA89-4D0A-9036-4CAAC823936C}.Release|Any CPU.Build.0 = Release|Any CPU
		{DDD00101-CA89-4D0A-9036-4CAAC823936C}.Release|Any CPU.Deploy.0 = Release|Any CPU
		{DDD00101-CA89-4D0A-9036-4CAAC823936C}.Release|iPhone.ActiveCfg = Release|Any CPU
		{DDD00101-CA89-4D0A-9036-4CAAC823936C}.Release|iPhone.Build.0 = Release|Any CPU
		{DDD00101-CA89-4D0A-9036-4CAAC823936C}.Release|iPhone.Deploy.0 = Release|Any CPU
		{DDD00101-CA89-4D0A-9036-4CAAC823936C}.Release|iPhoneSimulator.ActiveCfg = Release|Any CPU
		{DDD00101-CA89-4D0A-9036-4CAAC823936C}.Release|iPhoneSimulator.Build.0 = Release|Any CPU
		{DDD00101-CA89-4D0A-9036-4CAAC823936C}.Release|iPhoneSimulator.Deploy.0 = Release|Any CPU
		{B87EC3B7-D30F-404C-A2E7-4AD16897B9C8}.Debug|Any CPU.ActiveCfg = Debug|iPhone
		{B87EC3B7-D30F-404C-A2E7-4AD16897B9C8}.Debug|Any CPU.Build.0 = Debug|iPhone
		{B87EC3B7-D30F-404C-A2E7-4AD16897B9C8}.Debug|Any CPU.Deploy.0 = Debug|iPhone
		{B87EC3B7-D30F-404C-A2E7-4AD16897B9C8}.Debug|iPhone.ActiveCfg = Debug|iPhone
		{B87EC3B7-D30F-404C-A2E7-4AD16897B9C8}.Debug|iPhone.Build.0 = Debug|iPhone
		{B87EC3B7-D30F-404C-A2E7-4AD16897B9C8}.Debug|iPhone.Deploy.0 = Debug|iPhone
		{B87EC3B7-D30F-404C-A2E7-4AD16897B9C8}.Debug|iPhoneSimulator.ActiveCfg = Debug|iPhoneSimulator
		{B87EC3B7-D30F-404C-A2E7-4AD16897B9C8}.Debug|iPhoneSimulator.Build.0 = Debug|iPhoneSimulator
		{B87EC3B7-D30F-404C-A2E7-4AD16897B9C8}.Debug|iPhoneSimulator.Deploy.0 = Debug|iPhoneSimulator
		{B87EC3B7-D30F-404C-A2E7-4AD16897B9C8}.Release|Any CPU.ActiveCfg = Release|iPhoneSimulator
		{B87EC3B7-D30F-404C-A2E7-4AD16897B9C8}.Release|Any CPU.Build.0 = Release|iPhoneSimulator
		{B87EC3B7-D30F-404C-A2E7-4AD16897B9C8}.Release|Any CPU.Deploy.0 = Release|iPhoneSimulator
		{B87EC3B7-D30F-404C-A2E7-4AD16897B9C8}.Release|iPhone.ActiveCfg = Release|iPhone
		{B87EC3B7-D30F-404C-A2E7-4AD16897B9C8}.Release|iPhone.Build.0 = Release|iPhone
		{B87EC3B7-D30F-404C-A2E7-4AD16897B9C8}.Release|iPhone.Deploy.0 = Release|iPhone
		{B87EC3B7-D30F-404C-A2E7-4AD16897B9C8}.Release|iPhoneSimulator.ActiveCfg = Release|iPhoneSimulator
		{B87EC3B7-D30F-404C-A2E7-4AD16897B9C8}.Release|iPhoneSimulator.Build.0 = Release|iPhoneSimulator
		{B87EC3B7-D30F-404C-A2E7-4AD16897B9C8}.Release|iPhoneSimulator.Deploy.0 = Release|iPhoneSimulator
		{B2745E8A-6DA5-48F4-8CB2-686B401DF8E4}.Debug|Any CPU.ActiveCfg = Debug|Any CPU
		{B2745E8A-6DA5-48F4-8CB2-686B401DF8E4}.Debug|Any CPU.Build.0 = Debug|Any CPU
		{B2745E8A-6DA5-48F4-8CB2-686B401DF8E4}.Debug|Any CPU.Deploy.0 = Debug|Any CPU
		{B2745E8A-6DA5-48F4-8CB2-686B401DF8E4}.Debug|iPhone.ActiveCfg = Debug|Any CPU
		{B2745E8A-6DA5-48F4-8CB2-686B401DF8E4}.Debug|iPhone.Build.0 = Debug|Any CPU
		{B2745E8A-6DA5-48F4-8CB2-686B401DF8E4}.Debug|iPhone.Deploy.0 = Debug|Any CPU
		{B2745E8A-6DA5-48F4-8CB2-686B401DF8E4}.Debug|iPhoneSimulator.ActiveCfg = Debug|Any CPU
		{B2745E8A-6DA5-48F4-8CB2-686B401DF8E4}.Debug|iPhoneSimulator.Build.0 = Debug|Any CPU
		{B2745E8A-6DA5-48F4-8CB2-686B401DF8E4}.Debug|iPhoneSimulator.Deploy.0 = Debug|Any CPU
		{B2745E8A-6DA5-48F4-8CB2-686B401DF8E4}.Release|Any CPU.ActiveCfg = Release|Any CPU
		{B2745E8A-6DA5-48F4-8CB2-686B401DF8E4}.Release|Any CPU.Build.0 = Release|Any CPU
		{B2745E8A-6DA5-48F4-8CB2-686B401DF8E4}.Release|Any CPU.Deploy.0 = Release|Any CPU
		{B2745E8A-6DA5-48F4-8CB2-686B401DF8E4}.Release|iPhone.ActiveCfg = Release|Any CPU
		{B2745E8A-6DA5-48F4-8CB2-686B401DF8E4}.Release|iPhone.Build.0 = Release|Any CPU
		{B2745E8A-6DA5-48F4-8CB2-686B401DF8E4}.Release|iPhone.Deploy.0 = Release|Any CPU
		{B2745E8A-6DA5-48F4-8CB2-686B401DF8E4}.Release|iPhoneSimulator.ActiveCfg = Release|Any CPU
		{B2745E8A-6DA5-48F4-8CB2-686B401DF8E4}.Release|iPhoneSimulator.Build.0 = Release|Any CPU
		{B2745E8A-6DA5-48F4-8CB2-686B401DF8E4}.Release|iPhoneSimulator.Deploy.0 = Release|Any CPU
	EndGlobalSection
	GlobalSection(SolutionProperties) = preSolution
		HideSolutionNode = FALSE
	EndGlobalSection
	GlobalSection(ExtensibilityGlobals) = postSolution
		SolutionGuid = {45AB227D-BF2E-45BF-A66F-78DA81A1FC21}
	EndGlobalSection
EndGlobal
